
Microsoft Visual Studio Solution File, Format Version 12.00
# Visual Studio 15
VisualStudioVersion = 15.0.27428.1
MinimumVisualStudioVersion = 10.0.40219.1
Project("{FAE04EC0-301F-11D3-BF4B-00C04F79EFBC}") = "MyNETFrameworkApp", "MyNETFrameworkApp\MyNETFrameworkApp.csproj", "{D90B3E21-A312-450F-926B-4B5B1458542E}"
EndProject
Project("{FAE04EC0-301F-11D3-BF4B-00C04F79EFBC}") = "MyNETStandardLib", "MyNETStandardLib\MyNETStandardLib.csproj", "{5450B2CD-23B9-406E-BC1A-324D526460B8}"
EndProject
Global
	GlobalSection(SolutionConfigurationPlatforms) = preSolution
		Debug|Any CPU = Debug|Any CPU
		Release|Any CPU = Release|Any CPU
	EndGlobalSection
	GlobalSection(ProjectConfigurationPlatforms) = postSolution
		{D90B3E21-A312-450F-926B-4B5B1458542E}.Debug|Any CPU.ActiveCfg = Debug|Any CPU
		{D90B3E21-A312-450F-926B-4B5B1458542E}.Debug|Any CPU.Build.0 = Debug|Any CPU
		{D90B3E21-A312-450F-926B-4B5B1458542E}.Release|Any CPU.ActiveCfg = Release|Any CPU
		{D90B3E21-A312-450F-926B-4B5B1458542E}.Release|Any CPU.Build.0 = Release|Any CPU
		{5450B2CD-23B9-406E-BC1A-324D526460B8}.Debug|Any CPU.ActiveCfg = Debug|Any CPU
		{5450B2CD-23B9-406E-BC1A-324D526460B8}.Debug|Any CPU.Build.0 = Debug|Any CPU
		{5450B2CD-23B9-406E-BC1A-324D526460B8}.Release|Any CPU.ActiveCfg = Release|Any CPU
		{5450B2CD-23B9-406E-BC1A-324D526460B8}.Release|Any CPU.Build.0 = Release|Any CPU
	EndGlobalSection
	GlobalSection(SolutionProperties) = preSolution
		HideSolutionNode = FALSE
	EndGlobalSection
	GlobalSection(ExtensibilityGlobals) = postSolution
		SolutionGuid = {ACF8EDB0-BB31-40BB-8198-61C2E7AB9C8F}
	EndGlobalSection
EndGlobal
