
Microsoft Visual Studio Solution File, Format Version 12.00
# Visual Studio 15
VisualStudioVersion = 15.0.27428.1
MinimumVisualStudioVersion = 10.0.40219.1
Project("{9A19103F-16F7-4668-BE54-9A1E7A4F7556}") = "MyNETCoreApp", "MyNETCoreApp\MyNETCoreApp.csproj", "{FEEAA946-81C9-48EA-9506-20B19E0284DB}"
EndProject
Project("{9A19103F-16F7-4668-BE54-9A1E7A4F7556}") = "MyNETCoreLib", "MyNETCoreLib\MyNETCoreLib.csproj", "{D223F2CA-60A1-4435-8C19-BD9B719BA49B}"
EndProject
Project("{FAE04EC0-301F-11D3-BF4B-00C04F79EFBC}") = "MyNETCoreLib2", "MyNETCoreLib2\MyNETCoreLib2.csproj", "{182EC081-7930-4E0D-9EA8-D66DFFED528F}"
EndProject
Global
	GlobalSection(SolutionConfigurationPlatforms) = preSolution
		Debug|Any CPU = Debug|Any CPU
		Release|Any CPU = Release|Any CPU
	EndGlobalSection
	GlobalSection(ProjectConfigurationPlatforms) = postSolution
		{FEEAA946-81C9-48EA-9506-20B19E0284DB}.Debug|Any CPU.ActiveCfg = Debug|Any CPU
		{FEEAA946-81C9-48EA-9506-20B19E0284DB}.Debug|Any CPU.Build.0 = Debug|Any CPU
		{FEEAA946-81C9-48EA-9506-20B19E0284DB}.Release|Any CPU.ActiveCfg = Release|Any CPU
		{FEEAA946-81C9-48EA-9506-20B19E0284DB}.Release|Any CPU.Build.0 = Release|Any CPU
		{D223F2CA-60A1-4435-8C19-BD9B719BA49B}.Debug|Any CPU.ActiveCfg = Debug|Any CPU
		{D223F2CA-60A1-4435-8C19-BD9B719BA49B}.Debug|Any CPU.Build.0 = Debug|Any CPU
		{D223F2CA-60A1-4435-8C19-BD9B719BA49B}.Release|Any CPU.ActiveCfg = Release|Any CPU
		{D223F2CA-60A1-4435-8C19-BD9B719BA49B}.Release|Any CPU.Build.0 = Release|Any CPU
		{182EC081-7930-4E0D-9EA8-D66DFFED528F}.Debug|Any CPU.ActiveCfg = Debug|Any CPU
		{182EC081-7930-4E0D-9EA8-D66DFFED528F}.Debug|Any CPU.Build.0 = Debug|Any CPU
		{182EC081-7930-4E0D-9EA8-D66DFFED528F}.Release|Any CPU.ActiveCfg = Release|Any CPU
		{182EC081-7930-4E0D-9EA8-D66DFFED528F}.Release|Any CPU.Build.0 = Release|Any CPU
	EndGlobalSection
	GlobalSection(SolutionProperties) = preSolution
		HideSolutionNode = FALSE
	EndGlobalSection
	GlobalSection(ExtensibilityGlobals) = postSolution
		SolutionGuid = {1A8B92FF-7DAD-4556-BB98-A3F922768AD3}
	EndGlobalSection
EndGlobal
